
Microsoft Visual Studio Solution File, Format Version 12.00
# Visual Studio Version 17
VisualStudioVersion = 17.0.31903.59
MinimumVisualStudioVersion = 10.0.40219.1
Project("{2150E333-8FDC-42A3-9474-1A3956D46DE8}") = "src", "src", "{827E0CD3-B72D-47B6-A68D-7590B98EB39B}"
EndProject
Project("{FAE04EC0-301F-11D3-BF4B-00C04F79EFBC}") = "Kapa.Abstractions", "src\Kapa.Abstractions\Kapa.Abstractions.csproj", "{F7CED53C-DA1C-4C0D-BFF7-C8B8EAE9A974}"
EndProject
Project("{FAE04EC0-301F-11D3-BF4B-00C04F79EFBC}") = "Kapa.Core", "src\Kapa.Core\Kapa.Core.csproj", "{E75A98DE-3EA1-46A5-A0AB-AAA96DA6852E}"
EndProject
Project("{2150E333-8FDC-42A3-9474-1A3956D46DE8}") = "test", "test", "{0C88DD14-F956-CE84-757C-A364CCF449FC}"
EndProject
Project("{2150E333-8FDC-42A3-9474-1A3956D46DE8}") = "Solution Items", "Solution Items", "{8EC462FD-D22E-90A8-E5CE-7E832BA40C5D}"
	ProjectSection(SolutionItems) = preProject
		.editorconfig = .editorconfig
		.gitattributes = .gitattributes
		.gitignore = .gitignore
		Directory.Build.props = Directory.Build.props
		Directory.Packages.props = Directory.Packages.props
		global.json = global.json
		NOTE.md = NOTE.md
		README.md = README.md
		NOTES.md = NOTES.md
	EndProjectSection
EndProject
Project("{FAE04EC0-301F-11D3-BF4B-00C04F79EFBC}") = "Kapa.Core.UnitTests", "test\Kapa.Core.UnitTests\Kapa.Core.UnitTests.csproj", "{18341BDD-B317-4930-AD7B-4BCAC38AF1F5}"
EndProject
Project("{FAE04EC0-301F-11D3-BF4B-00C04F79EFBC}") = "Kapa.Fixtures", "test\Kapa.Fixtures\Kapa.Fixtures.csproj", "{429ADD1C-458E-43BE-852C-61B75E5CBCC2}"
EndProject
Global
	GlobalSection(SolutionConfigurationPlatforms) = preSolution
		Debug|Any CPU = Debug|Any CPU
		Debug|x64 = Debug|x64
		Debug|x86 = Debug|x86
		Release|Any CPU = Release|Any CPU
		Release|x64 = Release|x64
		Release|x86 = Release|x86
	EndGlobalSection
	GlobalSection(ProjectConfigurationPlatforms) = postSolution
		{F7CED53C-DA1C-4C0D-BFF7-C8B8EAE9A974}.Debug|Any CPU.ActiveCfg = Debug|Any CPU
		{F7CED53C-DA1C-4C0D-BFF7-C8B8EAE9A974}.Debug|Any CPU.Build.0 = Debug|Any CPU
		{F7CED53C-DA1C-4C0D-BFF7-C8B8EAE9A974}.Debug|x64.ActiveCfg = Debug|Any CPU
		{F7CED53C-DA1C-4C0D-BFF7-C8B8EAE9A974}.Debug|x64.Build.0 = Debug|Any CPU
		{F7CED53C-DA1C-4C0D-BFF7-C8B8EAE9A974}.Debug|x86.ActiveCfg = Debug|Any CPU
		{F7CED53C-DA1C-4C0D-BFF7-C8B8EAE9A974}.Debug|x86.Build.0 = Debug|Any CPU
		{F7CED53C-DA1C-4C0D-BFF7-C8B8EAE9A974}.Release|Any CPU.ActiveCfg = Release|Any CPU
		{F7CED53C-DA1C-4C0D-BFF7-C8B8EAE9A974}.Release|Any CPU.Build.0 = Release|Any CPU
		{F7CED53C-DA1C-4C0D-BFF7-C8B8EAE9A974}.Release|x64.ActiveCfg = Release|Any CPU
		{F7CED53C-DA1C-4C0D-BFF7-C8B8EAE9A974}.Release|x64.Build.0 = Release|Any CPU
		{F7CED53C-DA1C-4C0D-BFF7-C8B8EAE9A974}.Release|x86.ActiveCfg = Release|Any CPU
		{F7CED53C-DA1C-4C0D-BFF7-C8B8EAE9A974}.Release|x86.Build.0 = Release|Any CPU
		{E75A98DE-3EA1-46A5-A0AB-AAA96DA6852E}.Debug|Any CPU.ActiveCfg = Debug|Any CPU
		{E75A98DE-3EA1-46A5-A0AB-AAA96DA6852E}.Debug|Any CPU.Build.0 = Debug|Any CPU
		{E75A98DE-3EA1-46A5-A0AB-AAA96DA6852E}.Debug|x64.ActiveCfg = Debug|Any CPU
		{E75A98DE-3EA1-46A5-A0AB-AAA96DA6852E}.Debug|x64.Build.0 = Debug|Any CPU
		{E75A98DE-3EA1-46A5-A0AB-AAA96DA6852E}.Debug|x86.ActiveCfg = Debug|Any CPU
		{E75A98DE-3EA1-46A5-A0AB-AAA96DA6852E}.Debug|x86.Build.0 = Debug|Any CPU
		{E75A98DE-3EA1-46A5-A0AB-AAA96DA6852E}.Release|Any CPU.ActiveCfg = Release|Any CPU
		{E75A98DE-3EA1-46A5-A0AB-AAA96DA6852E}.Release|Any CPU.Build.0 = Release|Any CPU
		{E75A98DE-3EA1-46A5-A0AB-AAA96DA6852E}.Release|x64.ActiveCfg = Release|Any CPU
		{E75A98DE-3EA1-46A5-A0AB-AAA96DA6852E}.Release|x64.Build.0 = Release|Any CPU
		{E75A98DE-3EA1-46A5-A0AB-AAA96DA6852E}.Release|x86.ActiveCfg = Release|Any CPU
		{E75A98DE-3EA1-46A5-A0AB-AAA96DA6852E}.Release|x86.Build.0 = Release|Any CPU
		{18341BDD-B317-4930-AD7B-4BCAC38AF1F5}.Debug|Any CPU.ActiveCfg = Debug|Any CPU
		{18341BDD-B317-4930-AD7B-4BCAC38AF1F5}.Debug|Any CPU.Build.0 = Debug|Any CPU
		{18341BDD-B317-4930-AD7B-4BCAC38AF1F5}.Debug|x64.ActiveCfg = Debug|Any CPU
		{18341BDD-B317-4930-AD7B-4BCAC38AF1F5}.Debug|x64.Build.0 = Debug|Any CPU
		{18341BDD-B317-4930-AD7B-4BCAC38AF1F5}.Debug|x86.ActiveCfg = Debug|Any CPU
		{18341BDD-B317-4930-AD7B-4BCAC38AF1F5}.Debug|x86.Build.0 = Debug|Any CPU
		{18341BDD-B317-4930-AD7B-4BCAC38AF1F5}.Release|Any CPU.ActiveCfg = Release|Any CPU
		{18341BDD-B317-4930-AD7B-4BCAC38AF1F5}.Release|Any CPU.Build.0 = Release|Any CPU
		{18341BDD-B317-4930-AD7B-4BCAC38AF1F5}.Release|x64.ActiveCfg = Release|Any CPU
		{18341BDD-B317-4930-AD7B-4BCAC38AF1F5}.Release|x64.Build.0 = Release|Any CPU
		{18341BDD-B317-4930-AD7B-4BCAC38AF1F5}.Release|x86.ActiveCfg = Release|Any CPU
		{18341BDD-B317-4930-AD7B-4BCAC38AF1F5}.Release|x86.Build.0 = Release|Any CPU
		{429ADD1C-458E-43BE-852C-61B75E5CBCC2}.Debug|Any CPU.ActiveCfg = Debug|Any CPU
		{429ADD1C-458E-43BE-852C-61B75E5CBCC2}.Debug|Any CPU.Build.0 = Debug|Any CPU
		{429ADD1C-458E-43BE-852C-61B75E5CBCC2}.Debug|x64.ActiveCfg = Debug|Any CPU
		{429ADD1C-458E-43BE-852C-61B75E5CBCC2}.Debug|x64.Build.0 = Debug|Any CPU
		{429ADD1C-458E-43BE-852C-61B75E5CBCC2}.Debug|x86.ActiveCfg = Debug|Any CPU
		{429ADD1C-458E-43BE-852C-61B75E5CBCC2}.Debug|x86.Build.0 = Debug|Any CPU
		{429ADD1C-458E-43BE-852C-61B75E5CBCC2}.Release|Any CPU.ActiveCfg = Release|Any CPU
		{429ADD1C-458E-43BE-852C-61B75E5CBCC2}.Release|Any CPU.Build.0 = Release|Any CPU
		{429ADD1C-458E-43BE-852C-61B75E5CBCC2}.Release|x64.ActiveCfg = Release|Any CPU
		{429ADD1C-458E-43BE-852C-61B75E5CBCC2}.Release|x64.Build.0 = Release|Any CPU
		{429ADD1C-458E-43BE-852C-61B75E5CBCC2}.Release|x86.ActiveCfg = Release|Any CPU
		{429ADD1C-458E-43BE-852C-61B75E5CBCC2}.Release|x86.Build.0 = Release|Any CPU
	EndGlobalSection
	GlobalSection(SolutionProperties) = preSolution
		HideSolutionNode = FALSE
	EndGlobalSection
	GlobalSection(NestedProjects) = preSolution
		{F7CED53C-DA1C-4C0D-BFF7-C8B8EAE9A974} = {827E0CD3-B72D-47B6-A68D-7590B98EB39B}
		{E75A98DE-3EA1-46A5-A0AB-AAA96DA6852E} = {827E0CD3-B72D-47B6-A68D-7590B98EB39B}
		{18341BDD-B317-4930-AD7B-4BCAC38AF1F5} = {0C88DD14-F956-CE84-757C-A364CCF449FC}
		{429ADD1C-458E-43BE-852C-61B75E5CBCC2} = {0C88DD14-F956-CE84-757C-A364CCF449FC}
	EndGlobalSection
	GlobalSection(ExtensibilityGlobals) = postSolution
		SolutionGuid = {44853719-7A94-4D5F-B47A-08A40254B019}
	EndGlobalSection
EndGlobal
